PODS:
  - CocoaAsyncSocket (7.4.2)
  - XCTAsyncTestCase (0.1.1)

DEPENDENCIES:
  - CocoaAsyncSocket (~> 7.3)
  - XCTAsyncTestCase (from `https://github.com/iheartradio/xctest-additions.git`)

EXTERNAL SOURCES:
  XCTAsyncTestCase:
    :git: https://github.com/iheartradio/xctest-additions.git

CHECKOUT OPTIONS:
  XCTAsyncTestCase:
    :commit: 2ed4b07c8a8ba6866641bb411e6cfd5221786501
    :git: https://github.com/iheartradio/xctest-additions.git

SPEC CHECKSUMS:
  CocoaAsyncSocket: f5783bdedd232d91b89769bc4b5a1580aed518ad
  XCTAsyncTestCase: bef121d18c8dfc13db3c03a7e22c7eba72aeda8e

PODFILE CHECKSUM: cfb9f78e86057985823ab29cd62267a7a5811d2f

COCOAPODS: 1.2.1
